
Microsoft Visual Studio Solution File, Format Version 12.00
# Visual Studio Version 16
VisualStudioVersion = 16.0.34902.97
MinimumVisualStudioVersion = 10.0.40219.1
Project("{FAE04EC0-301F-11D3-BF4B-00C04F79EFBC}") = "class5.menustrip", "class5.menustrip.csproj", "{9011BADC-7BFB-41D2-A364-5F770D006F4B}"
EndProject
Global
	GlobalSection(SolutionConfigurationPlatforms) = preSolution
		Debug|Any CPU = Debug|Any CPU
		Release|Any CPU = Release|Any CPU
	EndGlobalSection
	GlobalSection(ProjectConfigurationPlatforms) = postSolution
		{9011BADC-7BFB-41D2-A364-5F770D006F4B}.Debug|Any CPU.ActiveCfg = Debug|Any CPU
		{9011BADC-7BFB-41D2-A364-5F770D006F4B}.Debug|Any CPU.Build.0 = Debug|Any CPU
		{9011BADC-7BFB-41D2-A364-5F770D006F4B}.Release|Any CPU.ActiveCfg = Release|Any CPU
		{9011BADC-7BFB-41D2-A364-5F770D006F4B}.Release|Any CPU.Build.0 = Release|Any CPU
	EndGlobalSection
	GlobalSection(SolutionProperties) = preSolution
		HideSolutionNode = FALSE
	EndGlobalSection
	GlobalSection(ExtensibilityGlobals) = postSolution
		SolutionGuid = {E4649D3A-92CA-412D-BABD-18D7CF8575BE}
	EndGlobalSection
EndGlobal
