
Microsoft Visual Studio Solution File, Format Version 12.00
# Visual Studio Version 16
VisualStudioVersion = 16.0.34902.97
MinimumVisualStudioVersion = 10.0.40219.1
Project("{FAE04EC0-301F-11D3-BF4B-00C04F79EFBC}") = "databass_connect", "databass_connect.csproj", "{2233CA97-B0A9-4F30-AF20-CA35B53591D5}"
EndProject
Global
	GlobalSection(SolutionConfigurationPlatforms) = preSolution
		Debug|Any CPU = Debug|Any CPU
		Release|Any CPU = Release|Any CPU
	EndGlobalSection
	GlobalSection(ProjectConfigurationPlatforms) = postSolution
		{2233CA97-B0A9-4F30-AF20-CA35B53591D5}.Debug|Any CPU.ActiveCfg = Debug|Any CPU
		{2233CA97-B0A9-4F30-AF20-CA35B53591D5}.Debug|Any CPU.Build.0 = Debug|Any CPU
		{2233CA97-B0A9-4F30-AF20-CA35B53591D5}.Release|Any CPU.ActiveCfg = Release|Any CPU
		{2233CA97-B0A9-4F30-AF20-CA35B53591D5}.Release|Any CPU.Build.0 = Release|Any CPU
	EndGlobalSection
	GlobalSection(SolutionProperties) = preSolution
		HideSolutionNode = FALSE
	EndGlobalSection
	GlobalSection(ExtensibilityGlobals) = postSolution
		SolutionGuid = {923568F7-621F-4567-A3D7-24C91372059B}
	EndGlobalSection
EndGlobal
