
Microsoft Visual Studio Solution File, Format Version 12.00
# Visual Studio Version 16
VisualStudioVersion = 16.0.34902.97
MinimumVisualStudioVersion = 10.0.40219.1
Project("{FAE04EC0-301F-11D3-BF4B-00C04F79EFBC}") = "Sigup", "Sigup.csproj", "{87DA48FB-2399-41F9-88F0-059064D7FC1F}"
EndProject
Global
	GlobalSection(SolutionConfigurationPlatforms) = preSolution
		Debug|Any CPU = Debug|Any CPU
		Release|Any CPU = Release|Any CPU
	EndGlobalSection
	GlobalSection(ProjectConfigurationPlatforms) = postSolution
		{87DA48FB-2399-41F9-88F0-059064D7FC1F}.Debug|Any CPU.ActiveCfg = Debug|Any CPU
		{87DA48FB-2399-41F9-88F0-059064D7FC1F}.Debug|Any CPU.Build.0 = Debug|Any CPU
		{87DA48FB-2399-41F9-88F0-059064D7FC1F}.Release|Any CPU.ActiveCfg = Release|Any CPU
		{87DA48FB-2399-41F9-88F0-059064D7FC1F}.Release|Any CPU.Build.0 = Release|Any CPU
	EndGlobalSection
	GlobalSection(SolutionProperties) = preSolution
		HideSolutionNode = FALSE
	EndGlobalSection
	GlobalSection(ExtensibilityGlobals) = postSolution
		SolutionGuid = {7E70A6B1-657F-4B31-96D1-9452B65E9BEB}
	EndGlobalSection
EndGlobal
